
Microsoft Visual Studio Solution File, Format Version 12.00
# Visual Studio Version 17
VisualStudioVersion = 17.11.35222.181
MinimumVisualStudioVersion = 10.0.40219.1
Project("{9A19103F-16F7-4668-BE54-9A1E7A4F7556}") = "Task1", "PR1\Task1.csproj", "{0D33EA52-812C-4EA6-A1B4-F10EA9FC8FAE}"
EndProject
Project("{9A19103F-16F7-4668-BE54-9A1E7A4F7556}") = "Practical1Test", "Practical1Test\Practical1Test.csproj", "{3E0152C1-71EF-4563-977D-15E3D145D5D0}"
EndProject
Project("{FAE04EC0-301F-11D3-BF4B-00C04F79EFBC}") = "Task2", "Task2\Task2.csproj", "{4F72839C-5387-4BBE-9EEB-9889A472EDEF}"
EndProject
Project("{FAE04EC0-301F-11D3-BF4B-00C04F79EFBC}") = "Task3", "Task3\Task3.csproj", "{68EEDAAC-4540-49A7-AB94-491488E53AD3}"
EndProject
Project("{FAE04EC0-301F-11D3-BF4B-00C04F79EFBC}") = "Task4", "Task4\Task4.csproj", "{FDB6033D-0AA1-4D31-87B4-9413933972CA}"
EndProject
Project("{FAE04EC0-301F-11D3-BF4B-00C04F79EFBC}") = "Task5", "Task5\Task5.csproj", "{A4851205-939D-48DE-AB63-6F03EF74B276}"
EndProject
Global
	GlobalSection(SolutionConfigurationPlatforms) = preSolution
		Debug|Any CPU = Debug|Any CPU
		Release|Any CPU = Release|Any CPU
	EndGlobalSection
	GlobalSection(ProjectConfigurationPlatforms) = postSolution
		{0D33EA52-812C-4EA6-A1B4-F10EA9FC8FAE}.Debug|Any CPU.ActiveCfg = Debug|Any CPU
		{0D33EA52-812C-4EA6-A1B4-F10EA9FC8FAE}.Debug|Any CPU.Build.0 = Debug|Any CPU
		{0D33EA52-812C-4EA6-A1B4-F10EA9FC8FAE}.Release|Any CPU.ActiveCfg = Release|Any CPU
		{0D33EA52-812C-4EA6-A1B4-F10EA9FC8FAE}.Release|Any CPU.Build.0 = Release|Any CPU
		{3E0152C1-71EF-4563-977D-15E3D145D5D0}.Debug|Any CPU.ActiveCfg = Debug|Any CPU
		{3E0152C1-71EF-4563-977D-15E3D145D5D0}.Debug|Any CPU.Build.0 = Debug|Any CPU
		{3E0152C1-71EF-4563-977D-15E3D145D5D0}.Release|Any CPU.ActiveCfg = Release|Any CPU
		{3E0152C1-71EF-4563-977D-15E3D145D5D0}.Release|Any CPU.Build.0 = Release|Any CPU
		{4F72839C-5387-4BBE-9EEB-9889A472EDEF}.Debug|Any CPU.ActiveCfg = Debug|Any CPU
		{4F72839C-5387-4BBE-9EEB-9889A472EDEF}.Debug|Any CPU.Build.0 = Debug|Any CPU
		{4F72839C-5387-4BBE-9EEB-9889A472EDEF}.Release|Any CPU.ActiveCfg = Release|Any CPU
		{4F72839C-5387-4BBE-9EEB-9889A472EDEF}.Release|Any CPU.Build.0 = Release|Any CPU
		{68EEDAAC-4540-49A7-AB94-491488E53AD3}.Debug|Any CPU.ActiveCfg = Debug|Any CPU
		{68EEDAAC-4540-49A7-AB94-491488E53AD3}.Debug|Any CPU.Build.0 = Debug|Any CPU
		{68EEDAAC-4540-49A7-AB94-491488E53AD3}.Release|Any CPU.ActiveCfg = Release|Any CPU
		{68EEDAAC-4540-49A7-AB94-491488E53AD3}.Release|Any CPU.Build.0 = Release|Any CPU
		{FDB6033D-0AA1-4D31-87B4-9413933972CA}.Debug|Any CPU.ActiveCfg = Debug|Any CPU
		{FDB6033D-0AA1-4D31-87B4-9413933972CA}.Debug|Any CPU.Build.0 = Debug|Any CPU
		{FDB6033D-0AA1-4D31-87B4-9413933972CA}.Release|Any CPU.ActiveCfg = Release|Any CPU
		{FDB6033D-0AA1-4D31-87B4-9413933972CA}.Release|Any CPU.Build.0 = Release|Any CPU
		{A4851205-939D-48DE-AB63-6F03EF74B276}.Debug|Any CPU.ActiveCfg = Debug|Any CPU
		{A4851205-939D-48DE-AB63-6F03EF74B276}.Debug|Any CPU.Build.0 = Debug|Any CPU
		{A4851205-939D-48DE-AB63-6F03EF74B276}.Release|Any CPU.ActiveCfg = Release|Any CPU
		{A4851205-939D-48DE-AB63-6F03EF74B276}.Release|Any CPU.Build.0 = Release|Any CPU
	EndGlobalSection
	GlobalSection(SolutionProperties) = preSolution
		HideSolutionNode = FALSE
	EndGlobalSection
	GlobalSection(ExtensibilityGlobals) = postSolution
		SolutionGuid = {5711EDF8-BD68-431F-8ED9-A2D932DBFF34}
	EndGlobalSection
EndGlobal
